{
  "name": "Mine",
  "version": "1.0.0",
  "lockfileVersion": 1,
  "requires": true,
  "dependencies": {
    "complex.js": {
      "version": "2.0.11",
      "resolved": "https://registry.npmjs.org/complex.js/-/complex.js-2.0.11.tgz",
      "integrity": "sha512-6IArJLApNtdg1P1dFtn3dnyzoZBEF0MwMnrfF1exSBRpZYoy4yieMkpZhQDC0uwctw48vii0CFVyHfpgZ/DfGw=="
    },
    "debug": {
      "version": "2.6.9",
      "resolved": "https://registry.npmjs.org/debug/-/debug-2.6.9.tgz",
      "integrity": "sha512-bC7ElrdJaJnPbAP+1EotYvqZsb3ecl5wi6Bfi6BJTUcNowp6cvspg0jXznRTKDjm/E7AdgFBVeAPVMNcKGsHMA==",
      "requires": {
        "ms": "2.0.0"
      }
    },
    "decimal.js": {
      "version": "10.2.0",
      "resolved": "https://registry.npmjs.org/decimal.js/-/decimal.js-10.2.0.tgz",
      "integrity": "sha512-vDPw+rDgn3bZe1+F/pyEwb1oMG2XTlRVgAa6B4KccTEpYgF8w6eQllVbQcfIJnZyvzFtFpxnpGtx8dd7DJp/Rw=="
    },
    "escape-latex": {
      "version": "1.2.0",
      "resolved": "https://registry.npmjs.org/escape-latex/-/escape-latex-1.2.0.tgz",
      "integrity": "sha512-nV5aVWW1K0wEiUIEdZ4erkGGH8mDxGyxSeqPzRNtWP7ataw+/olFObw7hujFWlVjNsaDFw5VZ5NzVSIqRgfTiw=="
    },
    "fraction.js": {
      "version": "4.0.12",
      "resolved": "https://registry.npmjs.org/fraction.js/-/fraction.js-4.0.12.tgz",
      "integrity": "sha512-8Z1K0VTG4hzYY7kA/1sj4/r1/RWLBD3xwReT/RCrUCbzPszjNQCCsy3ktkU/eaEqX3MYa4pY37a52eiBlPMlhA=="
    },
    "inferrer": {
      "version": "0.3.0",
      "resolved": "https://registry.npmjs.org/inferrer/-/inferrer-0.3.0.tgz",
      "integrity": "sha512-TuZ276i5/SqMQRPvyNHXMkGXH5Droiws6zOYsT6Ew+ULlVMNK3e9NweCcWqzoCy0gm4Q9ZSVnRUBbqpiJapp7Q=="
    },
    "is-any-array": {
      "version": "0.0.3",
      "resolved": "https://registry.npmjs.org/is-any-array/-/is-any-array-0.0.3.tgz",
      "integrity": "sha512-Lr5SRykZv6uuYMZURz7+YpigT1ziTBHOTgFJ1zK7gL+9Wbet5Ha1ws6S84Jo/lH4zep02b95sk6o4+MTk97mPQ=="
    },
    "javascript-natural-sort": {
      "version": "0.7.1",
      "resolved": "https://registry.npmjs.org/javascript-natural-sort/-/javascript-natural-sort-0.7.1.tgz",
      "integrity": "sha1-+eIwPUUH9tdDVac2ZNFED7Wg71k="
    },
    "js-regression": {
      "version": "1.0.10",
      "resolved": "https://registry.npmjs.org/js-regression/-/js-regression-1.0.10.tgz",
      "integrity": "sha1-FPhksB/C02He/uO0Ll+hPWBsF6g="
    },
    "lodash": {
      "version": "4.17.15",
      "resolved": "https://registry.npmjs.org/lodash/-/lodash-4.17.15.tgz",
      "integrity": "sha512-8xOcRHvCjnocdS5cpwXQXVzmmh5e5+saE2QGoeQmbKmRS6J3VQppPOIt0MnmE+4xlZoumy0GPG0D0MVIQbNA1A=="
    },
    "mathjs": {
      "version": "6.2.1",
      "resolved": "https://registry.npmjs.org/mathjs/-/mathjs-6.2.1.tgz",
      "integrity": "sha512-ySs/G6/d4FWvsnFiN7pkwO4svWVSMJnCXa57JSsE/VRBOFqUhK9ylILD9zb6i4cf6HLxTAQ4kJhQydelIsnPMA==",
      "requires": {
        "complex.js": "2.0.11",
        "decimal.js": "10.2.0",
        "escape-latex": "1.2.0",
        "fraction.js": "4.0.12",
        "javascript-natural-sort": "0.7.1",
        "seed-random": "2.2.0",
        "tiny-emitter": "2.1.0",
        "typed-function": "1.1.1"
      }
    },
    "ml-array-max": {
      "version": "1.1.2",
      "resolved": "https://registry.npmjs.org/ml-array-max/-/ml-array-max-1.1.2.tgz",
      "integrity": "sha512-it2hYUSuYEwIRO6hjTWfe6gbGutF4Tuct7jxt3LiLE4wKFs6ku5FLNIRKtOL2jyH+Jdwt1ddbqKMX8inBM8RxA==",
      "requires": {
        "is-any-array": "^0.0.3"
      }
    },
    "ml-array-min": {
      "version": "1.1.2",
      "resolved": "https://registry.npmjs.org/ml-array-min/-/ml-array-min-1.1.2.tgz",
      "integrity": "sha512-92QzvsyK7TxGz618pno6bu0LXYcRKssbimP85qRllk2xX5Z4gnVxlOmrMjSerUut9zzbt1eQB4byXNCwT0vgwA==",
      "requires": {
        "is-any-array": "^0.0.3"
      }
    },
    "ml-array-rescale": {
      "version": "1.2.2",
      "resolved": "https://registry.npmjs.org/ml-array-rescale/-/ml-array-rescale-1.2.2.tgz",
      "integrity": "sha512-Ijo4LegOUIQjv231y8g2/n9vyKA/CczJz3pR+zZ0TeZrqEVRs1uW4AjpbkN/01QplTI46ranMJa51L0g3VbQEg==",
      "requires": {
        "is-any-array": "^0.0.3",
        "ml-array-max": "^1.1.2",
        "ml-array-min": "^1.1.2"
      }
    },
    "ml-bayes": {
      "version": "1.0.5",
      "resolved": "https://registry.npmjs.org/ml-bayes/-/ml-bayes-1.0.5.tgz",
      "integrity": "sha1-dj5ziRiv/V5hzDlvPHOk4exsZn0="
    },
    "ml-distance-euclidean": {
      "version": "2.0.0",
      "resolved": "https://registry.npmjs.org/ml-distance-euclidean/-/ml-distance-euclidean-2.0.0.tgz",
      "integrity": "sha512-yC9/2o8QF0A3m/0IXqCTXCzz2pNEzvmcE/9HFKOZGnTjatvBbsn4lWYJkxENkA4Ug2fnYl7PXQxnPi21sgMy/Q=="
    },
    "ml-kmeans": {
      "version": "5.0.0",
      "resolved": "https://registry.npmjs.org/ml-kmeans/-/ml-kmeans-5.0.0.tgz",
      "integrity": "sha512-QsWg10bVLRvd58hFHBu3wKjVH14+5/q+xJ29YwLN04mIr3mYmT8CuZDLAi59PLLZQQL54na8bBPSqjPEHJ1aBg==",
      "requires": {
        "ml-distance-euclidean": "^2.0.0",
        "ml-matrix": "^6.1.2",
        "ml-nearest-vector": "^2.0.1",
        "ml-random": "^0.5.0"
      }
    },
    "ml-knn": {
      "version": "3.0.0",
      "resolved": "https://registry.npmjs.org/ml-knn/-/ml-knn-3.0.0.tgz",
      "integrity": "sha512-w7Jig4vW09OYMurlIRRJj8yL2O/835QJpxup+yW7QVYXSjixmanPtPQL+weiTYbaB/wWX8JilB+Wllk4mxvP5w==",
      "requires": {
        "ml-distance-euclidean": "^2.0.0"
      }
    },
    "ml-matrix": {
      "version": "6.4.0",
      "resolved": "https://registry.npmjs.org/ml-matrix/-/ml-matrix-6.4.0.tgz",
      "integrity": "sha512-VOHAwNjsx1w77BWuv6cHwpfEARzD5oIuJIPDgHA1/U/S4Zql/cp29fr/Ft3V1OOIgK8HZtFQnn5zQnDetFXXTg==",
      "requires": {
        "ml-array-rescale": "^1.2.1"
      }
    },
    "ml-nearest-vector": {
      "version": "2.0.1",
      "resolved": "https://registry.npmjs.org/ml-nearest-vector/-/ml-nearest-vector-2.0.1.tgz",
      "integrity": "sha512-gMPwNm3eed59ewJYiCK/+wElWBfNoD6JizH965ePiQgCo0pvQL63w4YdZhLs5eUV0iWcq6brVMUBL6iMySHnqg==",
      "requires": {
        "ml-distance-euclidean": "^2.0.0"
      }
    },
    "ml-random": {
      "version": "0.5.0",
      "resolved": "https://registry.npmjs.org/ml-random/-/ml-random-0.5.0.tgz",
      "integrity": "sha512-zLJBmNb34LOz+vN6BD8l3aYm/VWYWbmAunrLMPs4dHf4gTl8BWlhil72j56HubPg86zrXioIs4qoHq7Topy6tw==",
      "requires": {
        "ml-xsadd": "^2.0.0"
      }
    },
    "ml-regression-base": {
      "version": "2.0.1",
      "resolved": "https://registry.npmjs.org/ml-regression-base/-/ml-regression-base-2.0.1.tgz",
      "integrity": "sha512-aZGe0DxeyLYPKT4343gzcILJJXrq56FtuMmb4ZafTl9NP9ZEhrjJ9GGkF+yc9CxLJ5Ba7Uc2zAZeLtQ4JokN8g=="
    },
    "ml-regression-multivariate-linear": {
      "version": "2.0.2",
      "resolved": "https://registry.npmjs.org/ml-regression-multivariate-linear/-/ml-regression-multivariate-linear-2.0.2.tgz",
      "integrity": "sha512-ehl2wVgu8KVDt4c4/dx5UPfMe3dNv5dYzpxkD+HXmfuVRtoyrWUpiakIQ5uG/l3H55ZU7LIXAiMEx/fMeS7qzw==",
      "requires": {
        "ml-matrix": "^6.0.0"
      }
    },
    "ml-regression-polynomial": {
      "version": "2.0.0",
      "resolved": "https://registry.npmjs.org/ml-regression-polynomial/-/ml-regression-polynomial-2.0.0.tgz",
      "integrity": "sha512-n21RAMpccT4/og7TDhJ1PBdqjMW85bd8wy8V/+SnQnCz44TYE90t9aSCg0ZEjyxDNvpYSSsQmNSRQ+gdInbEgA==",
      "requires": {
        "ml-matrix": "^6.1.2",
        "ml-regression-base": "^2.0.1"
      }
    },
    "ml-xsadd": {
      "version": "2.0.0",
      "resolved": "https://registry.npmjs.org/ml-xsadd/-/ml-xsadd-2.0.0.tgz",
      "integrity": "sha512-VoAYUqmPRmzKbbqRejjqceGFp3VF81Qe8XXFGU0UXLxB7Mf4GGvyGq5Qn3k4AiQgDEV6WzobqlPOd+j0+m6IrA=="
    },
    "ms": {
      "version": "2.0.0",
      "resolved": "https://registry.npmjs.org/ms/-/ms-2.0.0.tgz",
      "integrity": "sha1-VgiurfwAvmwpAd9fmGF4jeDVl8g="
    },
    "node-decision-tree": {
      "version": "0.1.2",
      "resolved": "https://registry.npmjs.org/node-decision-tree/-/node-decision-tree-0.1.2.tgz",
      "integrity": "sha1-H/U29ibiRnYBsUkWYyn0xfztx3U=",
      "requires": {
        "debug": "^2.2.0",
        "lodash": "^4.16.2"
      }
    },
    "seed-random": {
      "version": "2.2.0",
      "resolved": "https://registry.npmjs.org/seed-random/-/seed-random-2.2.0.tgz",
      "integrity": "sha1-KpsZ4lCoFwmSMaW5mk2vgLf77VQ="
    },
    "skmeans": {
      "version": "0.11.0",
      "resolved": "https://registry.npmjs.org/skmeans/-/skmeans-0.11.0.tgz",
      "integrity": "sha512-sIt2fSK8uX3Od8w5sQ0KiZZ8R9SUGl+fo/rNCdCIICnsLp13h7MAmJBWqT393Fd7HgR5iMHG9iRtKZI8WUtjKQ=="
    },
    "tiny-emitter": {
      "version": "2.1.0",
      "resolved": "https://registry.npmjs.org/tiny-emitter/-/tiny-emitter-2.1.0.tgz",
      "integrity": "sha512-NB6Dk1A9xgQPMoGqC5CVXn123gWyte215ONT5Pp5a0yt4nlEoO1ZWeCwpncaekPHXO60i47ihFnZPiRPjRMq4Q=="
    },
    "typed-function": {
      "version": "1.1.1",
      "resolved": "https://registry.npmjs.org/typed-function/-/typed-function-1.1.1.tgz",
      "integrity": "sha512-RbN7MaTQBZLJYzDENHPA0nUmWT0Ex80KHItprrgbTPufYhIlTePvCXZxyQK7wgn19FW5bnuaBIKcBb5mRWjB1Q=="
    }
  }
}
